// !$*UTF8*$!
{
	archiveVersion = 1;
	classes = {
	};
	objectVersion = 50;
	objects = {

/* Begin PBXBuildFile section */
		2D23AD42211064190063273F /* WaveView.swift in Sources */ = {isa = PBXBuildFile; fileRef = 2D23AD3C211064180063273F /* WaveView.swift */; };
		2D23AD43211064190063273F /* RecordingsManager.swift in Sources */ = {isa = PBXBuildFile; fileRef = 2D23AD3D211064190063273F /* RecordingsManager.swift */; };
		2D23AD44211064190063273F /* ListController.swift in Sources */ = {isa = PBXBuildFile; fileRef = 2D23AD3E211064190063273F /* ListController.swift */; };
		2D23AD45211064190063273F /* Audio.swift in Sources */ = {isa = PBXBuildFile; fileRef = 2D23AD3F211064190063273F /* Audio.swift */; };
		2D23AD46211064190063273F /* PlaybackController.swift in Sources */ = {isa = PBXBuildFile; fileRef = 2D23AD40211064190063273F /* PlaybackController.swift */; };
		2D23AD47211064190063273F /* RecorderController.swift in Sources */ = {isa = PBXBuildFile; fileRef = 2D23AD41211064190063273F /* RecorderController.swift */; };
		2D23AD4F2110670F0063273F /* ScreenCaptureView.m in Sources */ = {isa = PBXBuildFile; fileRef = 2D23AD4D2110670F0063273F /* ScreenCaptureView.m */; settings = {COMPILER_FLAGS = "-fno-objc-arc"; }; };
		2D23AD7421144A5E0063273F /* Recording.swift in Sources */ = {isa = PBXBuildFile; fileRef = 2D23AD7321144A5E0063273F /* Recording.swift */; };
		2D23AD76211464A30063273F /* VideoCreator.swift in Sources */ = {isa = PBXBuildFile; fileRef = 2D23AD75211464A30063273F /* VideoCreator.swift */; };
		2D29D0A121101F9B006C6FD9 /* AppDelegate.swift in Sources */ = {isa = PBXBuildFile; fileRef = 2D29D0A021101F9B006C6FD9 /* AppDelegate.swift */; };
		2D29D0A621101F9B006C6FD9 /* Main.storyboard in Resources */ = {isa = PBXBuildFile; fileRef = 2D29D0A421101F9B006C6FD9 /* Main.storyboard */; };
		2D29D0A821101F9C006C6FD9 /* Assets.xcassets in Resources */ = {isa = PBXBuildFile; fileRef = 2D29D0A721101F9C006C6FD9 /* Assets.xcassets */; };
		2D29D0AB21101F9C006C6FD9 /* LaunchScreen.storyboard in Resources */ = {isa = PBXBuildFile; fileRef = 2D29D0A921101F9C006C6FD9 /* LaunchScreen.storyboard */; };
/* End PBXBuildFile section */

/* Begin PBXFileReference section */
		2D23AD3C211064180063273F /* WaveView.swift */ = {isa = PBXFileReference; fileEncoding = 4; lastKnownFileType = sourcecode.swift; path = WaveView.swift; sourceTree = "<group>"; };
		2D23AD3D211064190063273F /* RecordingsManager.swift */ = {isa = PBXFileReference; fileEncoding = 4; lastKnownFileType = sourcecode.swift; path = RecordingsManager.swift; sourceTree = "<group>"; };
		2D23AD3E211064190063273F /* ListController.swift */ = {isa = PBXFileReference; fileEncoding = 4; lastKnownFileType = sourcecode.swift; path = ListController.swift; sourceTree = "<group>"; };
		2D23AD3F211064190063273F /* Audio.swift */ = {isa = PBXFileReference; fileEncoding = 4; lastKnownFileType = sourcecode.swift; path = Audio.swift; sourceTree = "<group>"; };
		2D23AD40211064190063273F /* PlaybackController.swift */ = {isa = PBXFileReference; fileEncoding = 4; lastKnownFileType = sourcecode.swift; path = PlaybackController.swift; sourceTree = "<group>"; };
		2D23AD41211064190063273F /* RecorderController.swift */ = {isa = PBXFileReference; fileEncoding = 4; lastKnownFileType = sourcecode.swift; path = RecorderController.swift; sourceTree = "<group>"; };
		2D23AD4C2110670E0063273F /* AVConverter-Bridging-Header.h */ = {isa = PBXFileReference; lastKnownFileType = sourcecode.c.h; path = "AVConverter-Bridging-Header.h"; sourceTree = "<group>"; };
		2D23AD4D2110670F0063273F /* ScreenCaptureView.m */ = {isa = PBXFileReference; fileEncoding = 4; lastKnownFileType = sourcecode.c.objc; path = ScreenCaptureView.m; sourceTree = "<group>"; };
		2D23AD4E2110670F0063273F /* ScreenCaptureView.h */ = {isa = PBXFileReference; fileEncoding = 4; lastKnownFileType = sourcecode.c.h; path = ScreenCaptureView.h; sourceTree = "<group>"; };
		2D23AD7321144A5E0063273F /* Recording.swift */ = {isa = PBXFileReference; lastKnownFileType = sourcecode.swift; path = Recording.swift; sourceTree = "<group>"; };
		2D23AD75211464A30063273F /* VideoCreator.swift */ = {isa = PBXFileReference; lastKnownFileType = sourcecode.swift; path = VideoCreator.swift; sourceTree = "<group>"; };
		2D29D09D21101F9A006C6FD9 /* AVConverter.app */ = {isa = PBXFileReference; explicitFileType = wrapper.application; includeInIndex = 0; path = AVConverter.app; sourceTree = BUILT_PRODUCTS_DIR; };
		2D29D0A021101F9B006C6FD9 /* AppDelegate.swift */ = {isa = PBXFileReference; lastKnownFileType = sourcecode.swift; path = AppDelegate.swift; sourceTree = "<group>"; };
		2D29D0A521101F9B006C6FD9 /* Base */ = {isa = PBXFileReference; lastKnownFileType = file.storyboard; name = Base; path = Base.lproj/Main.storyboard; sourceTree = "<group>"; };
		2D29D0A721101F9C006C6FD9 /* Assets.xcassets */ = {isa = PBXFileReference; lastKnownFileType = folder.assetcatalog; path = Assets.xcassets; sourceTree = "<group>"; };
		2D29D0AA21101F9C006C6FD9 /* Base */ = {isa = PBXFileReference; lastKnownFileType = file.storyboard; name = Base; path = Base.lproj/LaunchScreen.storyboard; sourceTree = "<group>"; };
		2D29D0AC21101F9C006C6FD9 /* Info.plist */ = {isa = PBXFileReference; lastKnownFileType = text.plist.xml; path = Info.plist; sourceTree = "<group>"; };
/* End PBXFileReference section */

/* Begin PBXFrameworksBuildPhase section */
		2D29D09A21101F9A006C6FD9 /* Frameworks */ = {
			isa = PBXFrameworksBuildPhase;
			buildActionMask = 2147483647;
			files = (
			);
			runOnlyForDeploymentPostprocessing = 0;
		};
/* End PBXFrameworksBuildPhase section */

/* Begin PBXGroup section */
		2D23AD48211066550063273F /* Model */ = {
			isa = PBXGroup;
			children = (
				2D23AD3F211064190063273F /* Audio.swift */,
			);
			path = Model;
			sourceTree = "<group>";
		};
		2D23AD49211066A70063273F /* Controllers */ = {
			isa = PBXGroup;
			children = (
				2D23AD3E211064190063273F /* ListController.swift */,
				2D23AD40211064190063273F /* PlaybackController.swift */,
				2D23AD41211064190063273F /* RecorderController.swift */,
			);
			path = Controllers;
			sourceTree = "<group>";
		};
		2D23AD4A211066E90063273F /* Utils */ = {
			isa = PBXGroup;
			children = (
				2D23AD3D211064190063273F /* RecordingsManager.swift */,
				2D23AD75211464A30063273F /* VideoCreator.swift */,
				2D23AD7321144A5E0063273F /* Recording.swift */,
			);
			path = Utils;
			sourceTree = "<group>";
		};
		2D23AD4B211066ED0063273F /* Views */ = {
			isa = PBXGroup;
			children = (
				2D23AD3C211064180063273F /* WaveView.swift */,
			);
			path = Views;
			sourceTree = "<group>";
		};
		2D29D09421101F9A006C6FD9 = {
			isa = PBXGroup;
			children = (
				2D29D09F21101F9A006C6FD9 /* AVConverter */,
				2D29D09E21101F9A006C6FD9 /* Products */,
			);
			sourceTree = "<group>";
		};
		2D29D09E21101F9A006C6FD9 /* Products */ = {
			isa = PBXGroup;
			children = (
				2D29D09D21101F9A006C6FD9 /* AVConverter.app */,
			);
			name = Products;
			sourceTree = "<group>";
		};
		2D29D09F21101F9A006C6FD9 /* AVConverter */ = {
			isa = PBXGroup;
			children = (
				2D23AD4E2110670F0063273F /* ScreenCaptureView.h */,
				2D23AD4D2110670F0063273F /* ScreenCaptureView.m */,
				2D23AD4B211066ED0063273F /* Views */,
				2D23AD4A211066E90063273F /* Utils */,
				2D23AD49211066A70063273F /* Controllers */,
				2D29D0A021101F9B006C6FD9 /* AppDelegate.swift */,
				2D23AD48211066550063273F /* Model */,
				2D29D0A421101F9B006C6FD9 /* Main.storyboard */,
				2D29D0A721101F9C006C6FD9 /* Assets.xcassets */,
				2D29D0A921101F9C006C6FD9 /* LaunchScreen.storyboard */,
				2D29D0AC21101F9C006C6FD9 /* Info.plist */,
				2D23AD4C2110670E0063273F /* AVConverter-Bridging-Header.h */,
			);
			path = AVConverter;
			sourceTree = "<group>";
		};
/* End PBXGroup section */

/* Begin PBXNativeTarget section */
		2D29D09C21101F9A006C6FD9 /* AVConverter */ = {
			isa = PBXNativeTarget;
			buildConfigurationList = 2D29D0AF21101F9C006C6FD9 /* Build configuration list for PBXNativeTarget "AVConverter" */;
			buildPhases = (
				2D29D09921101F9A006C6FD9 /* Sources */,
				2D29D09A21101F9A006C6FD9 /* Frameworks */,
				2D29D09B21101F9A006C6FD9 /* Resources */,
			);
			buildRules = (
			);
			dependencies = (
			);
			name = AVConverter;
			productName = AVConverter;
			productReference = 2D29D09D21101F9A006C6FD9 /* AVConverter.app */;
			productType = "com.apple.product-type.application";
		};
/* End PBXNativeTarget section */

/* Begin PBXProject section */
		2D29D09521101F9A006C6FD9 /* Project object */ = {
			isa = PBXProject;
			attributes = {
				LastSwiftUpdateCheck = 0930;
				LastUpgradeCheck = 0930;
				ORGANIZATIONNAME = erbittuu;
				TargetAttributes = {
					2D29D09C21101F9A006C6FD9 = {
						CreatedOnToolsVersion = 9.3;
						LastSwiftMigration = 0930;
					};
				};
			};
			buildConfigurationList = 2D29D09821101F9A006C6FD9 /* Build configuration list for PBXProject "AVConverter" */;
			compatibilityVersion = "Xcode 9.3";
			developmentRegion = en;
			hasScannedForEncodings = 0;
			knownRegions = (
				en,
				Base,
			);
			mainGroup = 2D29D09421101F9A006C6FD9;
			productRefGroup = 2D29D09E21101F9A006C6FD9 /* Products */;
			projectDirPath = "";
			projectRoot = "";
			targets = (
				2D29D09C21101F9A006C6FD9 /* AVConverter */,
			);
		};
/* End PBXProject section */

/* Begin PBXResourcesBuildPhase section */
		2D29D09B21101F9A006C6FD9 /* Resources */ = {
			isa = PBXResourcesBuildPhase;
			buildActionMask = 2147483647;
			files = (
				2D29D0AB21101F9C006C6FD9 /* LaunchScreen.storyboard in Resources */,
				2D29D0A821101F9C006C6FD9 /* Assets.xcassets in Resources */,
				2D29D0A621101F9B006C6FD9 /* Main.storyboard in Resources */,
			);
			runOnlyForDeploymentPostprocessing = 0;
		};
/* End PBXResourcesBuildPhase section */

/* Begin PBXSourcesBuildPhase section */
		2D29D09921101F9A006C6FD9 /* Sources */ = {
			isa = PBXSourcesBuildPhase;
			buildActionMask = 2147483647;
			files = (
				2D23AD76211464A30063273F /* VideoCreator.swift in Sources */,
				2D23AD45211064190063273F /* Audio.swift in Sources */,
				2D23AD43211064190063273F /* RecordingsManager.swift in Sources */,
				2D23AD47211064190063273F /* RecorderController.swift in Sources */,
				2D23AD44211064190063273F /* ListController.swift in Sources */,
				2D29D0A121101F9B006C6FD9 /* AppDelegate.swift in Sources */,
				2D23AD4F2110670F0063273F /* ScreenCaptureView.m in Sources */,
				2D23AD46211064190063273F /* PlaybackController.swift in Sources */,
				2D23AD42211064190063273F /* WaveView.swift in Sources */,
				2D23AD7421144A5E0063273F /* Recording.swift in Sources */,
			);
			runOnlyForDeploymentPostprocessing = 0;
		};
/* End PBXSourcesBuildPhase section */

/* Begin PBXVariantGroup section */
		2D29D0A421101F9B006C6FD9 /* Main.storyboard */ = {
			isa = PBXVariantGroup;
			children = (
				2D29D0A521101F9B006C6FD9 /* Base */,
			);
			name = Main.storyboard;
			sourceTree = "<group>";
		};
		2D29D0A921101F9C006C6FD9 /* LaunchScreen.storyboard */ = {
			isa = PBXVariantGroup;
			children = (
				2D29D0AA21101F9C006C6FD9 /* Base */,
			);
			name = LaunchScreen.storyboard;
			sourceTree = "<group>";
		};
/* End PBXVariantGroup section */

/* Begin XCBuildConfiguration section */
		2D29D0AD21101F9C006C6FD9 /* Debug */ = {
			isa = XCBuildConfiguration;
			buildSettings = {
				ALWAYS_SEARCH_USER_PATHS = NO;
				CLANG_ANALYZER_NONNULL = YES;
				CLANG_ANALYZER_NUMBER_OBJECT_CONVERSION = YES_AGGRESSIVE;
				CLANG_CXX_LANGUAGE_STANDARD = "gnu++14";
				CLANG_CXX_LIBRARY = "libc++";
				CLANG_ENABLE_MODULES = YES;
				CLANG_ENABLE_OBJC_ARC = YES;
				CLANG_ENABLE_OBJC_WEAK = YES;
				CLANG_WARN_BLOCK_CAPTURE_AUTORELEASING = YES;
				CLANG_WARN_BOOL_CONVERSION = YES;
				CLANG_WARN_COMMA = YES;
				CLANG_WARN_CONSTANT_CONVERSION = YES;
				CLANG_WARN_DEPRECATED_OBJC_IMPLEMENTATIONS = YES;
				CLANG_WARN_DIRECT_OBJC_ISA_USAGE = YES_ERROR;
				CLANG_WARN_DOCUMENTATION_COMMENTS = YES;
				CLANG_WARN_EMPTY_BODY = YES;
				CLANG_WARN_ENUM_CONVERSION = YES;
				CLANG_WARN_INFINITE_RECURSION = YES;
				CLANG_WARN_INT_CONVERSION = YES;
				CLANG_WARN_NON_LITERAL_NULL_CONVERSION = YES;
				CLANG_WARN_OBJC_IMPLICIT_RETAIN_SELF = YES;
				CLANG_WARN_OBJC_LITERAL_CONVERSION = YES;
				CLANG_WARN_OBJC_ROOT_CLASS = YES_ERROR;
				CLANG_WARN_RANGE_LOOP_ANALYSIS = YES;
				CLANG_WARN_STRICT_PROTOTYPES = YES;
				CLANG_WARN_SUSPICIOUS_MOVE = YES;
				CLANG_WARN_UNGUARDED_AVAILABILITY = YES_AGGRESSIVE;
				CLANG_WARN_UNREACHABLE_CODE = YES;
				CLANG_WARN__DUPLICATE_METHOD_MATCH = YES;
				CODE_SIGN_IDENTITY = "iPhone Developer";
				COPY_PHASE_STRIP = NO;
				DEBUG_INFORMATION_FORMAT = dwarf;
				ENABLE_STRICT_OBJC_MSGSEND = YES;
				ENABLE_TESTABILITY = YES;
				GCC_C_LANGUAGE_STANDARD = gnu11;
				GCC_DYNAMIC_NO_PIC = NO;
				GCC_NO_COMMON_BLOCKS = YES;
				GCC_OPTIMIZATION_LEVEL = 0;
				GCC_PREPROCESSOR_DEFINITIONS = (
					"DEBUG=1",
					"$(inherited)",
				);
				GCC_WARN_64_TO_32_BIT_CONVERSION = YES;
				GCC_WARN_ABOUT_RETURN_TYPE = YES_ERROR;
				GCC_WARN_UNDECLARED_SELECTOR = YES;
				GCC_WARN_UNINITIALIZED_AUTOS = YES_AGGRESSIVE;
				GCC_WARN_UNUSED_FUNCTION = YES;
				GCC_WARN_UNUSED_VARIABLE = YES;
				IPHONEOS_DEPLOYMENT_TARGET = 11.3;
				MTL_ENABLE_DEBUG_INFO = YES;
				ONLY_ACTIVE_ARCH = YES;
				SDKROOT = iphoneos;
				SWIFT_ACTIVE_COMPILATION_CONDITIONS = DEBUG;
				SWIFT_OPTIMIZATION_LEVEL = "-Onone";
			};
			name = Debug;
		};
		2D29D0AE21101F9C006C6FD9 /* Release */ = {
			isa = XCBuildConfiguration;
			buildSettings = {
				ALWAYS_SEARCH_USER_PATHS = NO;
				CLANG_ANALYZER_NONNULL = YES;
				CLANG_ANALYZER_NUMBER_OBJECT_CONVERSION = YES_AGGRESSIVE;
				CLANG_CXX_LANGUAGE_STANDARD = "gnu++14";
				CLANG_CXX_LIBRARY = "libc++";
				CLANG_ENABLE_MODULES = YES;
				CLANG_ENABLE_OBJC_ARC = YES;
				CLANG_ENABLE_OBJC_WEAK = YES;
				CLANG_WARN_BLOCK_CAPTURE_AUTORELEASING = YES;
				CLANG_WARN_BOOL_CONVERSION = YES;
				CLANG_WARN_COMMA = YES;
				CLANG_WARN_CONSTANT_CONVERSION = YES;
				CLANG_WARN_DEPRECATED_OBJC_IMPLEMENTATIONS = YES;
				CLANG_WARN_DIRECT_OBJC_ISA_USAGE = YES_ERROR;
				CLANG_WARN_DOCUMENTATION_COMMENTS = YES;
				CLANG_WARN_EMPTY_BODY = YES;
				CLANG_WARN_ENUM_CONVERSION = YES;
				CLANG_WARN_INFINITE_RECURSION = YES;
				CLANG_WARN_INT_CONVERSION = YES;
				CLANG_WARN_NON_LITERAL_NULL_CONVERSION = YES;
				CLANG_WARN_OBJC_IMPLICIT_RETAIN_SELF = YES;
				CLANG_WARN_OBJC_LITERAL_CONVERSION = YES;
				CLANG_WARN_OBJC_ROOT_CLASS = YES_ERROR;
				CLANG_WARN_RANGE_LOOP_ANALYSIS = YES;
				CLANG_WARN_STRICT_PROTOTYPES = YES;
				CLANG_WARN_SUSPICIOUS_MOVE = YES;
				CLANG_WARN_UNGUARDED_AVAILABILITY = YES_AGGRESSIVE;
				CLANG_WARN_UNREACHABLE_CODE = YES;
				CLANG_WARN__DUPLICATE_METHOD_MATCH = YES;
				CODE_SIGN_IDENTITY = "iPhone Developer";
				COPY_PHASE_STRIP = NO;
				DEBUG_INFORMATION_FORMAT = "dwarf-with-dsym";
				ENABLE_NS_ASSERTIONS = NO;
				ENABLE_STRICT_OBJC_MSGSEND = YES;
				GCC_C_LANGUAGE_STANDARD = gnu11;
				GCC_NO_COMMON_BLOCKS = YES;
				GCC_WARN_64_TO_32_BIT_CONVERSION = YES;
				GCC_WARN_ABOUT_RETURN_TYPE = YES_ERROR;
				GCC_WARN_UNDECLARED_SELECTOR = YES;
				GCC_WARN_UNINITIALIZED_AUTOS = YES_AGGRESSIVE;
				GCC_WARN_UNUSED_FUNCTION = YES;
				GCC_WARN_UNUSED_VARIABLE = YES;
				IPHONEOS_DEPLOYMENT_TARGET = 11.3;
				MTL_ENABLE_DEBUG_INFO = NO;
				SDKROOT = iphoneos;
				SWIFT_COMPILATION_MODE = wholemodule;
				SWIFT_OPTIMIZATION_LEVEL = "-O";
				VALIDATE_PRODUCT = YES;
			};
			name = Release;
		};
		2D29D0B021101F9C006C6FD9 /* Debug */ = {
			isa = XCBuildConfiguration;
			buildSettings = {
				ASSETCATALOG_COMPILER_APPICON_NAME = AppIcon;
				CLANG_ENABLE_MODULES = YES;
				CODE_SIGN_STYLE = Automatic;
				DEVELOPMENT_TEAM = 9F7K8HV529;
				INFOPLIST_FILE = AVConverter/Info.plist;
				LD_RUNPATH_SEARCH_PATHS = (
					"$(inherited)",
					"@executable_path/Frameworks",
				);
				PRODUCT_BUNDLE_IDENTIFIER = com.erbittuu.test;
				PRODUCT_NAME = "$(TARGET_NAME)";
				SWIFT_OBJC_BRIDGING_HEADER = "AVConverter/AVConverter-Bridging-Header.h";
				SWIFT_OPTIMIZATION_LEVEL = "-Onone";
				SWIFT_VERSION = 4.0;
				TARGETED_DEVICE_FAMILY = 1;
			};
			name = Debug;
		};
		2D29D0B121101F9C006C6FD9 /* Release */ = {
			isa = XCBuildConfiguration;
			buildSettings = {
				ASSETCATALOG_COMPILER_APPICON_NAME = AppIcon;
				CLANG_ENABLE_MODULES = YES;
				CODE_SIGN_STYLE = Automatic;
				DEVELOPMENT_TEAM = 9F7K8HV529;
				INFOPLIST_FILE = AVConverter/Info.plist;
				LD_RUNPATH_SEARCH_PATHS = (
					"$(inherited)",
					"@executable_path/Frameworks",
				);
				PRODUCT_BUNDLE_IDENTIFIER = com.erbittuu.test;
				PRODUCT_NAME = "$(TARGET_NAME)";
				SWIFT_OBJC_BRIDGING_HEADER = "AVConverter/AVConverter-Bridging-Header.h";
				SWIFT_VERSION = 4.0;
				TARGETED_DEVICE_FAMILY = 1;
			};
			name = Release;
		};
/* End XCBuildConfiguration section */

/* Begin XCConfigurationList section */
		2D29D09821101F9A006C6FD9 /* Build configuration list for PBXProject "AVConverter" */ = {
			isa = XCConfigurationList;
			buildConfigurations = (
				2D29D0AD21101F9C006C6FD9 /* Debug */,
				2D29D0AE21101F9C006C6FD9 /* Release */,
			);
			defaultConfigurationIsVisible = 0;
			defaultConfigurationName = Release;
		};
		2D29D0AF21101F9C006C6FD9 /* Build configuration list for PBXNativeTarget "AVConverter" */ = {
			isa = XCConfigurationList;
			buildConfigurations = (
				2D29D0B021101F9C006C6FD9 /* Debug */,
				2D29D0B121101F9C006C6FD9 /* Release */,
			);
			defaultConfigurationIsVisible = 0;
			defaultConfigurationName = Release;
		};
/* End XCConfigurationList section */
	};
	rootObject = 2D29D09521101F9A006C6FD9 /* Project object */;
}
